
Microsoft Visual Studio Solution File, Format Version 12.00
# Visual Studio 15
VisualStudioVersion = 15.0.27703.2042
MinimumVisualStudioVersion = 10.0.40219.1
Project("{FAE04EC0-301F-11D3-BF4B-00C04F79EFBC}") = "VetMedData.NET", "VetMedData.NET\VetMedData.NET.csproj", "{FAE22E96-8531-4DB2-9F50-634150988FA6}"
EndProject
Global
	GlobalSection(SolutionConfigurationPlatforms) = preSolution
		Debug|Any CPU = Debug|Any CPU
		Release|Any CPU = Release|Any CPU
	EndGlobalSection
	GlobalSection(ProjectConfigurationPlatforms) = postSolution
		{FAE22E96-8531-4DB2-9F50-634150988FA6}.Debug|Any CPU.ActiveCfg = Debug|Any CPU
		{FAE22E96-8531-4DB2-9F50-634150988FA6}.Debug|Any CPU.Build.0 = Debug|Any CPU
		{FAE22E96-8531-4DB2-9F50-634150988FA6}.Release|Any CPU.ActiveCfg = Release|Any CPU
		{FAE22E96-8531-4DB2-9F50-634150988FA6}.Release|Any CPU.Build.0 = Release|Any CPU
	EndGlobalSection
	GlobalSection(SolutionProperties) = preSolution
		HideSolutionNode = FALSE
	EndGlobalSection
	GlobalSection(ExtensibilityGlobals) = postSolution
		SolutionGuid = {E96A10CA-C0F4-40E9-B52A-0ED29F558840}
	EndGlobalSection
EndGlobal
